Microsoft Visual Studio Solution File, Format Version 12.00
# Visual Studio Version 17
VisualStudioVersion = 17.5.2.0
MinimumVisualStudioVersion = 10.0.40219.1
Project("{2150E333-8FDC-42A3-9474-1A3956D46DE8}") = "Fiberish.Tests", "Fiberish.Tests", "{999CDDC9-EC24-866A-B863-D1B25C3A9B42}"
EndProject
Project("{2150E333-8FDC-42A3-9474-1A3956D46DE8}") = "Fiberish.App", "Fiberish.App", "{8E443371-16C4-AB83-8FD5-84A79F0DB75D}"
EndProject
Project("{FAE04EC0-301F-11D3-BF4B-00C04F79EFBC}") = "Fiberish.Tests", "Fiberish.Tests\Fiberish.Tests.csproj", "{3FC2B15B-F193-4569-19BA-5D52F8F23E18}"
EndProject
Project("{FAE04EC0-301F-11D3-BF4B-00C04F79EFBC}") = "Fiberish.App", "Fiberish.App\Fiberish.App.csproj", "{AB5AE6C4-0E52-362C-08F0-CA3BA238693B}"
EndProject
Project("{FAE04EC0-301F-11D3-BF4B-00C04F79EFBC}") = "Fiberish.Cli", "Fiberish.Cli\Fiberish.Cli.csproj", "{48C83F09-43A8-47DF-9220-CE38E319F157}"
EndProject
Project("{FAE04EC0-301F-11D3-BF4B-00C04F79EFBC}") = "Fiberish.Core", "Fiberish.Core\Fiberish.Core.csproj", "{E64C1515-7B50-41AB-BDBD-9784D3623FBD}"
EndProject
Project("{FAE04EC0-301F-11D3-BF4B-00C04F79EFBC}") = "Fiberish.X86", "Fiberish.X86\Fiberish.X86.csproj", "{E391934D-B233-41EB-A16D-0162325B8D59}"
EndProject
Project("{FAE04EC0-301F-11D3-BF4B-00C04F79EFBC}") = "FiberPod", "FiberPod\FiberPod.csproj", "{1832ABED-BBD9-4F15-BFB4-D4CA4AE9852B}"
EndProject
Global
	GlobalSection(SolutionConfigurationPlatforms) = preSolution
		Debug|Any CPU = Debug|Any CPU
		Release|Any CPU = Release|Any CPU
	EndGlobalSection
	GlobalSection(ProjectConfigurationPlatforms) = postSolution
		{3FC2B15B-F193-4569-19BA-5D52F8F23E18}.Debug|Any CPU.ActiveCfg = Debug|Any CPU
		{3FC2B15B-F193-4569-19BA-5D52F8F23E18}.Debug|Any CPU.Build.0 = Debug|Any CPU
		{3FC2B15B-F193-4569-19BA-5D52F8F23E18}.Release|Any CPU.ActiveCfg = Release|Any CPU
		{3FC2B15B-F193-4569-19BA-5D52F8F23E18}.Release|Any CPU.Build.0 = Release|Any CPU
		{AB5AE6C4-0E52-362C-08F0-CA3BA238693B}.Debug|Any CPU.ActiveCfg = Debug|Any CPU
		{AB5AE6C4-0E52-362C-08F0-CA3BA238693B}.Debug|Any CPU.Build.0 = Debug|Any CPU
		{AB5AE6C4-0E52-362C-08F0-CA3BA238693B}.Release|Any CPU.ActiveCfg = Release|Any CPU
		{AB5AE6C4-0E52-362C-08F0-CA3BA238693B}.Release|Any CPU.Build.0 = Release|Any CPU
		{48C83F09-43A8-47DF-9220-CE38E319F157}.Debug|Any CPU.ActiveCfg = Debug|Any CPU
		{48C83F09-43A8-47DF-9220-CE38E319F157}.Debug|Any CPU.Build.0 = Debug|Any CPU
		{48C83F09-43A8-47DF-9220-CE38E319F157}.Release|Any CPU.ActiveCfg = Release|Any CPU
		{48C83F09-43A8-47DF-9220-CE38E319F157}.Release|Any CPU.Build.0 = Release|Any CPU
		{E64C1515-7B50-41AB-BDBD-9784D3623FBD}.Debug|Any CPU.ActiveCfg = Debug|Any CPU
		{E64C1515-7B50-41AB-BDBD-9784D3623FBD}.Debug|Any CPU.Build.0 = Debug|Any CPU
		{E64C1515-7B50-41AB-BDBD-9784D3623FBD}.Release|Any CPU.ActiveCfg = Release|Any CPU
		{E64C1515-7B50-41AB-BDBD-9784D3623FBD}.Release|Any CPU.Build.0 = Release|Any CPU
		{E391934D-B233-41EB-A16D-0162325B8D59}.Debug|Any CPU.ActiveCfg = Debug|Any CPU
		{E391934D-B233-41EB-A16D-0162325B8D59}.Debug|Any CPU.Build.0 = Debug|Any CPU
		{E391934D-B233-41EB-A16D-0162325B8D59}.Release|Any CPU.ActiveCfg = Release|Any CPU
		{E391934D-B233-41EB-A16D-0162325B8D59}.Release|Any CPU.Build.0 = Release|Any CPU
		{1832ABED-BBD9-4F15-BFB4-D4CA4AE9852B}.Debug|Any CPU.ActiveCfg = Debug|Any CPU
		{1832ABED-BBD9-4F15-BFB4-D4CA4AE9852B}.Debug|Any CPU.Build.0 = Debug|Any CPU
		{1832ABED-BBD9-4F15-BFB4-D4CA4AE9852B}.Release|Any CPU.ActiveCfg = Release|Any CPU
		{1832ABED-BBD9-4F15-BFB4-D4CA4AE9852B}.Release|Any CPU.Build.0 = Release|Any CPU
	EndGlobalSection
	GlobalSection(SolutionProperties) = preSolution
		HideSolutionNode = FALSE
	EndGlobalSection
	GlobalSection(NestedProjects) = preSolution
		{3FC2B15B-F193-4569-19BA-5D52F8F23E18} = {999CDDC9-EC24-866A-B863-D1B25C3A9B42}
		{AB5AE6C4-0E52-362C-08F0-CA3BA238693B} = {8E443371-16C4-AB83-8FD5-84A79F0DB75D}
	EndGlobalSection
	GlobalSection(ExtensibilityGlobals) = postSolution
		SolutionGuid = {56E92940-FCCF-4DC5-8063-7627ABD60DB2}
	EndGlobalSection
EndGlobal
