{
  "originHash" : "c756444ab06e5864e3917258f87f40b0fb46f98e18d1b3ef6ae858665779e6fd",
  "pins" : [
    {
      "identity" : "messagepack",
      "kind" : "remoteSourceControl",
      "location" : "https://github.com/Flight-School/MessagePack.git",
      "state" : {
        "revision" : "bbc5ab6362db234f2051e73e67296ebf5c3d2042",
        "version" : "1.2.4"
      }
    },
    {
      "identity" : "swift-argument-parser",
      "kind" : "remoteSourceControl",
      "location" : "https://github.com/apple/swift-argument-parser",
      "state" : {
        "revision" : "c5d11a805e765f52ba34ec7284bd4fcd6ba68615",
        "version" : "1.7.0"
      }
    }
  ],
  "version" : 3
}
